
Microsoft Visual Studio Solution File, Format Version 12.00
# Visual Studio Version 17
VisualStudioVersion = 17.13.35818.85 d17.13
MinimumVisualStudioVersion = 10.0.40219.1
Project("{FAE04EC0-301F-11D3-BF4B-00C04F79EFBC}") = "Exercicio2", "Exercicio2\Exercicio2.csproj", "{6DEC8ADF-9FB0-44FB-96FD-9DAEAC511550}"
EndProject
Global
	GlobalSection(SolutionConfigurationPlatforms) = preSolution
		Debug|Any CPU = Debug|Any CPU
		Release|Any CPU = Release|Any CPU
	EndGlobalSection
	GlobalSection(ProjectConfigurationPlatforms) = postSolution
		{6DEC8ADF-9FB0-44FB-96FD-9DAEAC511550}.Debug|Any CPU.ActiveCfg = Debug|Any CPU
		{6DEC8ADF-9FB0-44FB-96FD-9DAEAC511550}.Debug|Any CPU.Build.0 = Debug|Any CPU
		{6DEC8ADF-9FB0-44FB-96FD-9DAEAC511550}.Release|Any CPU.ActiveCfg = Release|Any CPU
		{6DEC8ADF-9FB0-44FB-96FD-9DAEAC511550}.Release|Any CPU.Build.0 = Release|Any CPU
	EndGlobalSection
	GlobalSection(SolutionProperties) = preSolution
		HideSolutionNode = FALSE
	EndGlobalSection
	GlobalSection(ExtensibilityGlobals) = postSolution
		SolutionGuid = {578B1DF0-1768-45EE-B5FB-91F45A7CC355}
	EndGlobalSection
EndGlobal
