
Microsoft Visual Studio Solution File, Format Version 12.00
# Visual Studio Version 17
VisualStudioVersion = 17.13.35818.85 d17.13
MinimumVisualStudioVersion = 10.0.40219.1
Project("{FAE04EC0-301F-11D3-BF4B-00C04F79EFBC}") = "Exercicio5", "Exercicio5\Exercicio5.csproj", "{BD6CFC2A-CC46-4F2B-BEF5-9467A7449266}"
EndProject
Global
	GlobalSection(SolutionConfigurationPlatforms) = preSolution
		Debug|Any CPU = Debug|Any CPU
		Release|Any CPU = Release|Any CPU
	EndGlobalSection
	GlobalSection(ProjectConfigurationPlatforms) = postSolution
		{BD6CFC2A-CC46-4F2B-BEF5-9467A7449266}.Debug|Any CPU.ActiveCfg = Debug|Any CPU
		{BD6CFC2A-CC46-4F2B-BEF5-9467A7449266}.Debug|Any CPU.Build.0 = Debug|Any CPU
		{BD6CFC2A-CC46-4F2B-BEF5-9467A7449266}.Release|Any CPU.ActiveCfg = Release|Any CPU
		{BD6CFC2A-CC46-4F2B-BEF5-9467A7449266}.Release|Any CPU.Build.0 = Release|Any CPU
	EndGlobalSection
	GlobalSection(SolutionProperties) = preSolution
		HideSolutionNode = FALSE
	EndGlobalSection
	GlobalSection(ExtensibilityGlobals) = postSolution
		SolutionGuid = {F80EE2F0-3BA3-48DA-AEA9-631789270154}
	EndGlobalSection
EndGlobal
